PODS:
  - Charts (3.5.0):
    - Charts/Core (= 3.5.0)
  - Charts/Core (3.5.0)
  - IQKeyboardManagerSwift (6.5.5)
  - Realm (4.4.0):
    - Realm/Headers (= 4.4.0)
  - Realm/Headers (4.4.0)
  - RealmSwift (4.4.0):
    - Realm (= 4.4.0)
  - SwipeCellKit (2.7.1)

DEPENDENCIES:
  - Charts
  - IQKeyboardManagerSwift
  - RealmSwift
  - SwipeCellKit

SPEC REPOS:
  trunk:
    - Charts
    - IQKeyboardManagerSwift
    - Realm
    - RealmSwift
    - SwipeCellKit

SPEC CHECKSUMS:
  Charts: 40a08591df1f8ad5c223ddedfb1a06da92f24f7c
  IQKeyboardManagerSwift: 0fb93310284665245591f50f7a5e38de615960b7
  Realm: e125f464884cda953ebefe70c671b75b03b81b9b
  RealmSwift: 33656a42bd300959a081fc13347376bc478071af
  SwipeCellKit: 3972254a826da74609926daf59b08d6c72e619ea

PODFILE CHECKSUM: 23938c7f0869b99ee0ffbb0b3090d08344d009ab

COCOAPODS: 1.9.1
